// !$*UTF8*$!
{
	archiveVersion = 1;
	classes = {
	};
	objectVersion = 56;
	objects = {

/* Begin PBXBuildFile section */
		552BFF3D2CB1973C00938CE9 /* AppDelegate.swift in Sources */ = {isa = PBXBuildFile; fileRef = 552BFF3C2CB1973C00938CE9 /* AppDelegate.swift */; };
		552BFF3F2CB1973C00938CE9 /* SceneDelegate.swift in Sources */ = {isa = PBXBuildFile; fileRef = 552BFF3E2CB1973C00938CE9 /* SceneDelegate.swift */; };
		552BFF412CB1973C00938CE9 /* ViewController.swift in Sources */ = {isa = PBXBuildFile; fileRef = 552BFF402CB1973C00938CE9 /* ViewController.swift */; };
		552BFF442CB1973C00938CE9 /* Main.storyboard in Resources */ = {isa = PBXBuildFile; fileRef = 552BFF422CB1973C00938CE9 /* Main.storyboard */; };
		552BFF462CB1973D00938CE9 /* Assets.xcassets in Resources */ = {isa = PBXBuildFile; fileRef = 552BFF452CB1973D00938CE9 /* Assets.xcassets */; };
		552BFF492CB1973D00938CE9 /* LaunchScreen.storyboard in Resources */ = {isa = PBXBuildFile; fileRef = 552BFF472CB1973D00938CE9 /* LaunchScreen.storyboard */; };
		552BFF512CB1B16300938CE9 /* MostrarDatos.swift in Sources */ = {isa = PBXBuildFile; fileRef = 552BFF502CB1B16300938CE9 /* MostrarDatos.swift */; };
/* End PBXBuildFile section */

/* Begin PBXFileReference section */
		552BFF392CB1973C00938CE9 /* CalculadoraDePropinas.app */ = {isa = PBXFileReference; explicitFileType = wrapper.application; includeInIndex = 0; path = CalculadoraDePropinas.app; sourceTree = BUILT_PRODUCTS_DIR; };
		552BFF3C2CB1973C00938CE9 /* AppDelegate.swift */ = {isa = PBXFileReference; lastKnownFileType = sourcecode.swift; path = AppDelegate.swift; sourceTree = "<group>"; };
		552BFF3E2CB1973C00938CE9 /* SceneDelegate.swift */ = {isa = PBXFileReference; lastKnownFileType = sourcecode.swift; path = SceneDelegate.swift; sourceTree = "<group>"; };
		552BFF402CB1973C00938CE9 /* ViewController.swift */ = {isa = PBXFileReference; lastKnownFileType = sourcecode.swift; path = ViewController.swift; sourceTree = "<group>"; };
		552BFF432CB1973C00938CE9 /* Base */ = {isa = PBXFileReference; lastKnownFileType = file.storyboard; name = Base; path = Base.lproj/Main.storyboard; sourceTree = "<group>"; };
		552BFF452CB1973D00938CE9 /* Assets.xcassets */ = {isa = PBXFileReference; lastKnownFileType = folder.assetcatalog; path = Assets.xcassets; sourceTree = "<group>"; };
		552BFF482CB1973D00938CE9 /* Base */ = {isa = PBXFileReference; lastKnownFileType = file.storyboard; name = Base; path = Base.lproj/LaunchScreen.storyboard; sourceTree = "<group>"; };
		552BFF4A2CB1973D00938CE9 /* Info.plist */ = {isa = PBXFileReference; lastKnownFileType = text.plist.xml; path = Info.plist; sourceTree = "<group>"; };
		552BFF502CB1B16300938CE9 /* MostrarDatos.swift */ = {isa = PBXFileReference; lastKnownFileType = sourcecode.swift; path = MostrarDatos.swift; sourceTree = "<group>"; };
/* End PBXFileReference section */

/* Begin PBXFrameworksBuildPhase section */
		552BFF362CB1973C00938CE9 /* Frameworks */ = {
			isa = PBXFrameworksBuildPhase;
			buildActionMask = 2147483647;
			files = (
			);
			runOnlyForDeploymentPostprocessing = 0;
		};
/* End PBXFrameworksBuildPhase section */

/* Begin PBXGroup section */
		552BFF302CB1973C00938CE9 = {
			isa = PBXGroup;
			children = (
				552BFF3B2CB1973C00938CE9 /* CalculadoraDePropinas */,
				552BFF3A2CB1973C00938CE9 /* Products */,
			);
			sourceTree = "<group>";
		};
		552BFF3A2CB1973C00938CE9 /* Products */ = {
			isa = PBXGroup;
			children = (
				552BFF392CB1973C00938CE9 /* CalculadoraDePropinas.app */,
			);
			name = Products;
			sourceTree = "<group>";
		};
		552BFF3B2CB1973C00938CE9 /* CalculadoraDePropinas */ = {
			isa = PBXGroup;
			children = (
				552BFF3C2CB1973C00938CE9 /* AppDelegate.swift */,
				552BFF3E2CB1973C00938CE9 /* SceneDelegate.swift */,
				552BFF402CB1973C00938CE9 /* ViewController.swift */,
				552BFF502CB1B16300938CE9 /* MostrarDatos.swift */,
				552BFF422CB1973C00938CE9 /* Main.storyboard */,
				552BFF452CB1973D00938CE9 /* Assets.xcassets */,
				552BFF472CB1973D00938CE9 /* LaunchScreen.storyboard */,
				552BFF4A2CB1973D00938CE9 /* Info.plist */,
			);
			path = CalculadoraDePropinas;
			sourceTree = "<group>";
		};
/* End PBXGroup section */

/* Begin PBXNativeTarget section */
		552BFF382CB1973C00938CE9 /* CalculadoraDePropinas */ = {
			isa = PBXNativeTarget;
			buildConfigurationList = 552BFF4D2CB1973D00938CE9 /* Build configuration list for PBXNativeTarget "CalculadoraDePropinas" */;
			buildPhases = (
				552BFF352CB1973C00938CE9 /* Sources */,
				552BFF362CB1973C00938CE9 /* Frameworks */,
				552BFF372CB1973C00938CE9 /* Resources */,
			);
			buildRules = (
			);
			dependencies = (
			);
			name = CalculadoraDePropinas;
			productName = CalculadoraDePropinas;
			productReference = 552BFF392CB1973C00938CE9 /* CalculadoraDePropinas.app */;
			productType = "com.apple.product-type.application";
		};
/* End PBXNativeTarget section */

/* Begin PBXProject section */
		552BFF312CB1973C00938CE9 /* Project object */ = {
			isa = PBXProject;
			attributes = {
				BuildIndependentTargetsInParallel = 1;
				LastSwiftUpdateCheck = 1500;
				LastUpgradeCheck = 1500;
				TargetAttributes = {
					552BFF382CB1973C00938CE9 = {
						CreatedOnToolsVersion = 15.0;
					};
				};
			};
			buildConfigurationList = 552BFF342CB1973C00938CE9 /* Build configuration list for PBXProject "CalculadoraDePropinas" */;
			compatibilityVersion = "Xcode 14.0";
			developmentRegion = en;
			hasScannedForEncodings = 0;
			knownRegions = (
				en,
				Base,
			);
			mainGroup = 552BFF302CB1973C00938CE9;
			productRefGroup = 552BFF3A2CB1973C00938CE9 /* Products */;
			projectDirPath = "";
			projectRoot = "";
			targets = (
				552BFF382CB1973C00938CE9 /* CalculadoraDePropinas */,
			);
		};
/* End PBXProject section */

/* Begin PBXResourcesBuildPhase section */
		552BFF372CB1973C00938CE9 /* Resources */ = {
			isa = PBXResourcesBuildPhase;
			buildActionMask = 2147483647;
			files = (
				552BFF492CB1973D00938CE9 /* LaunchScreen.storyboard in Resources */,
				552BFF462CB1973D00938CE9 /* Assets.xcassets in Resources */,
				552BFF442CB1973C00938CE9 /* Main.storyboard in Resources */,
			);
			runOnlyForDeploymentPostprocessing = 0;
		};
/* End PBXResourcesBuildPhase section */

/* Begin PBXSourcesBuildPhase section */
		552BFF352CB1973C00938CE9 /* Sources */ = {
			isa = PBXSourcesBuildPhase;
			buildActionMask = 2147483647;
			files = (
				552BFF512CB1B16300938CE9 /* MostrarDatos.swift in Sources */,
				552BFF412CB1973C00938CE9 /* ViewController.swift in Sources */,
				552BFF3D2CB1973C00938CE9 /* AppDelegate.swift in Sources */,
				552BFF3F2CB1973C00938CE9 /* SceneDelegate.swift in Sources */,
			);
			runOnlyForDeploymentPostprocessing = 0;
		};
/* End PBXSourcesBuildPhase section */

/* Begin PBXVariantGroup section */
		552BFF422CB1973C00938CE9 /* Main.storyboard */ = {
			isa = PBXVariantGroup;
			children = (
				552BFF432CB1973C00938CE9 /* Base */,
			);
			name = Main.storyboard;
			sourceTree = "<group>";
		};
		552BFF472CB1973D00938CE9 /* LaunchScreen.storyboard */ = {
			isa = PBXVariantGroup;
			children = (
				552BFF482CB1973D00938CE9 /* Base */,
			);
			name = LaunchScreen.storyboard;
			sourceTree = "<group>";
		};
/* End PBXVariantGroup section */

/* Begin XCBuildConfiguration section */
		552BFF4B2CB1973D00938CE9 /* Debug */ = {
			isa = XCBuildConfiguration;
			buildSettings = {
				ALWAYS_SEARCH_USER_PATHS = NO;
				ASSETCATALOG_COMPILER_GENERATE_SWIFT_ASSET_SYMBOL_EXTENSIONS = YES;
				CLANG_ANALYZER_NONNULL = YES;
				CLANG_ANALYZER_NUMBER_OBJECT_CONVERSION = YES_AGGRESSIVE;
				CLANG_CXX_LANGUAGE_STANDARD = "gnu++20";
				CLANG_ENABLE_MODULES = YES;
				CLANG_ENABLE_OBJC_ARC = YES;
				CLANG_ENABLE_OBJC_WEAK = YES;
				CLANG_WARN_BLOCK_CAPTURE_AUTORELEASING = YES;
				CLANG_WARN_BOOL_CONVERSION = YES;
				CLANG_WARN_COMMA = YES;
				CLANG_WARN_CONSTANT_CONVERSION = YES;
				CLANG_WARN_DEPRECATED_OBJC_IMPLEMENTATIONS = YES;
				CLANG_WARN_DIRECT_OBJC_ISA_USAGE = YES_ERROR;
				CLANG_WARN_DOCUMENTATION_COMMENTS = YES;
				CLANG_WARN_EMPTY_BODY = YES;
				CLANG_WARN_ENUM_CONVERSION = YES;
				CLANG_WARN_INFINITE_RECURSION = YES;
				CLANG_WARN_INT_CONVERSION = YES;
				CLANG_WARN_NON_LITERAL_NULL_CONVERSION = YES;
				CLANG_WARN_OBJC_IMPLICIT_RETAIN_SELF = YES;
				CLANG_WARN_OBJC_LITERAL_CONVERSION = YES;
				CLANG_WARN_OBJC_ROOT_CLASS = YES_ERROR;
				CLANG_WARN_QUOTED_INCLUDE_IN_FRAMEWORK_HEADER = YES;
				CLANG_WARN_RANGE_LOOP_ANALYSIS = YES;
				CLANG_WARN_STRICT_PROTOTYPES = YES;
				CLANG_WARN_SUSPICIOUS_MOVE = YES;
				CLANG_WARN_UNGUARDED_AVAILABILITY = YES_AGGRESSIVE;
				CLANG_WARN_UNREACHABLE_CODE = YES;
				CLANG_WARN__DUPLICATE_METHOD_MATCH = YES;
				COPY_PHASE_STRIP = NO;
				DEBUG_INFORMATION_FORMAT = dwarf;
				ENABLE_STRICT_OBJC_MSGSEND = YES;
				ENABLE_TESTABILITY = YES;
				ENABLE_USER_SCRIPT_SANDBOXING = YES;
				GCC_C_LANGUAGE_STANDARD = gnu17;
				GCC_DYNAMIC_NO_PIC = NO;
				GCC_NO_COMMON_BLOCKS = YES;
				GCC_OPTIMIZATION_LEVEL = 0;
				GCC_PREPROCESSOR_DEFINITIONS = (
					"DEBUG=1",
					"$(inherited)",
				);
				GCC_WARN_64_TO_32_BIT_CONVERSION = YES;
				GCC_WARN_ABOUT_RETURN_TYPE = YES_ERROR;
				GCC_WARN_UNDECLARED_SELECTOR = YES;
				GCC_WARN_UNINITIALIZED_AUTOS = YES_AGGRESSIVE;
				GCC_WARN_UNUSED_FUNCTION = YES;
				GCC_WARN_UNUSED_VARIABLE = YES;
				IPHONEOS_DEPLOYMENT_TARGET = 17.0;
				LOCALIZATION_PREFERS_STRING_CATALOGS = YES;
				MTL_ENABLE_DEBUG_INFO = INCLUDE_SOURCE;
				MTL_FAST_MATH = YES;
				ONLY_ACTIVE_ARCH = YES;
				SDKROOT = iphoneos;
				SWIFT_ACTIVE_COMPILATION_CONDITIONS = "DEBUG $(inherited)";
				SWIFT_OPTIMIZATION_LEVEL = "-Onone";
			};
			name = Debug;
		};
		552BFF4C2CB1973D00938CE9 /* Release */ = {
			isa = XCBuildConfiguration;
			buildSettings = {
				ALWAYS_SEARCH_USER_PATHS = NO;
				ASSETCATALOG_COMPILER_GENERATE_SWIFT_ASSET_SYMBOL_EXTENSIONS = YES;
				CLANG_ANALYZER_NONNULL = YES;
				CLANG_ANALYZER_NUMBER_OBJECT_CONVERSION = YES_AGGRESSIVE;
				CLANG_CXX_LANGUAGE_STANDARD = "gnu++20";
				CLANG_ENABLE_MODULES = YES;
				CLANG_ENABLE_OBJC_ARC = YES;
				CLANG_ENABLE_OBJC_WEAK = YES;
				CLANG_WARN_BLOCK_CAPTURE_AUTORELEASING = YES;
				CLANG_WARN_BOOL_CONVERSION = YES;
				CLANG_WARN_COMMA = YES;
				CLANG_WARN_CONSTANT_CONVERSION = YES;
				CLANG_WARN_DEPRECATED_OBJC_IMPLEMENTATIONS = YES;
				CLANG_WARN_DIRECT_OBJC_ISA_USAGE = YES_ERROR;
				CLANG_WARN_DOCUMENTATION_COMMENTS = YES;
				CLANG_WARN_EMPTY_BODY = YES;
				CLANG_WARN_ENUM_CONVERSION = YES;
				CLANG_WARN_INFINITE_RECURSION = YES;
				CLANG_WARN_INT_CONVERSION = YES;
				CLANG_WARN_NON_LITERAL_NULL_CONVERSION = YES;
				CLANG_WARN_OBJC_IMPLICIT_RETAIN_SELF = YES;
				CLANG_WARN_OBJC_LITERAL_CONVERSION = YES;
				CLANG_WARN_OBJC_ROOT_CLASS = YES_ERROR;
				CLANG_WARN_QUOTED_INCLUDE_IN_FRAMEWORK_HEADER = YES;
				CLANG_WARN_RANGE_LOOP_ANALYSIS = YES;
				CLANG_WARN_STRICT_PROTOTYPES = YES;
				CLANG_WARN_SUSPICIOUS_MOVE = YES;
				CLANG_WARN_UNGUARDED_AVAILABILITY = YES_AGGRESSIVE;
				CLANG_WARN_UNREACHABLE_CODE = YES;
				CLANG_WARN__DUPLICATE_METHOD_MATCH = YES;
				COPY_PHASE_STRIP = NO;
				DEBUG_INFORMATION_FORMAT = "dwarf-with-dsym";
				ENABLE_NS_ASSERTIONS = NO;
				ENABLE_STRICT_OBJC_MSGSEND = YES;
				ENABLE_USER_SCRIPT_SANDBOXING = YES;
				GCC_C_LANGUAGE_STANDARD = gnu17;
				GCC_NO_COMMON_BLOCKS = YES;
				GCC_WARN_64_TO_32_BIT_CONVERSION = YES;
				GCC_WARN_ABOUT_RETURN_TYPE = YES_ERROR;
				GCC_WARN_UNDECLARED_SELECTOR = YES;
				GCC_WARN_UNINITIALIZED_AUTOS = YES_AGGRESSIVE;
				GCC_WARN_UNUSED_FUNCTION = YES;
				GCC_WARN_UNUSED_VARIABLE = YES;
				IPHONEOS_DEPLOYMENT_TARGET = 17.0;
				LOCALIZATION_PREFERS_STRING_CATALOGS = YES;
				MTL_ENABLE_DEBUG_INFO = NO;
				MTL_FAST_MATH = YES;
				SDKROOT = iphoneos;
				SWIFT_COMPILATION_MODE = wholemodule;
				VALIDATE_PRODUCT = YES;
			};
			name = Release;
		};
		552BFF4E2CB1973D00938CE9 /* Debug */ = {
			isa = XCBuildConfiguration;
			buildSettings = {
				ASSETCATALOG_COMPILER_APPICON_NAME = AppIcon;
				ASSETCATALOG_COMPILER_GLOBAL_ACCENT_COLOR_NAME = AccentColor;
				CODE_SIGN_STYLE = Automatic;
				CURRENT_PROJECT_VERSION = 1;
				DEVELOPMENT_TEAM = 6NL7TZX67B;
				GENERATE_INFOPLIST_FILE = YES;
				INFOPLIST_FILE = CalculadoraDePropinas/Info.plist;
				INFOPLIST_KEY_UIApplicationSupportsIndirectInputEvents = YES;
				INFOPLIST_KEY_UILaunchStoryboardName = LaunchScreen;
				INFOPLIST_KEY_UIMainStoryboardFile = Main;
				INFOPLIST_KEY_UISupportedInterfaceOrientations_iPad = "UIInterfaceOrientationPortrait UIInterfaceOrientationPortraitUpsideDown UIInterfaceOrientationLandscapeLeft UIInterfaceOrientationLandscapeRight";
				INFOPLIST_KEY_UISupportedInterfaceOrientations_iPhone = "UIInterfaceOrientationPortrait UIInterfaceOrientationLandscapeLeft UIInterfaceOrientationLandscapeRight";
				LD_RUNPATH_SEARCH_PATHS = (
					"$(inherited)",
					"@executable_path/Frameworks",
				);
				MARKETING_VERSION = 1.0;
				PRODUCT_BUNDLE_IDENTIFIER = IOSDevLab.CalculadoraDePropinas;
				PRODUCT_NAME = "$(TARGET_NAME)";
				SWIFT_EMIT_LOC_STRINGS = YES;
				SWIFT_VERSION = 5.0;
				TARGETED_DEVICE_FAMILY = "1,2";
			};
			name = Debug;
		};
		552BFF4F2CB1973D00938CE9 /* Release */ = {
			isa = XCBuildConfiguration;
			buildSettings = {
				ASSETCATALOG_COMPILER_APPICON_NAME = AppIcon;
				ASSETCATALOG_COMPILER_GLOBAL_ACCENT_COLOR_NAME = AccentColor;
				CODE_SIGN_STYLE = Automatic;
				CURRENT_PROJECT_VERSION = 1;
				DEVELOPMENT_TEAM = 6NL7TZX67B;
				GENERATE_INFOPLIST_FILE = YES;
				INFOPLIST_FILE = CalculadoraDePropinas/Info.plist;
				INFOPLIST_KEY_UIApplicationSupportsIndirectInputEvents = YES;
				INFOPLIST_KEY_UILaunchStoryboardName = LaunchScreen;
				INFOPLIST_KEY_UIMainStoryboardFile = Main;
				INFOPLIST_KEY_UISupportedInterfaceOrientations_iPad = "UIInterfaceOrientationPortrait UIInterfaceOrientationPortraitUpsideDown UIInterfaceOrientationLandscapeLeft UIInterfaceOrientationLandscapeRight";
				INFOPLIST_KEY_UISupportedInterfaceOrientations_iPhone = "UIInterfaceOrientationPortrait UIInterfaceOrientationLandscapeLeft UIInterfaceOrientationLandscapeRight";
				LD_RUNPATH_SEARCH_PATHS = (
					"$(inherited)",
					"@executable_path/Frameworks",
				);
				MARKETING_VERSION = 1.0;
				PRODUCT_BUNDLE_IDENTIFIER = IOSDevLab.CalculadoraDePropinas;
				PRODUCT_NAME = "$(TARGET_NAME)";
				SWIFT_EMIT_LOC_STRINGS = YES;
				SWIFT_VERSION = 5.0;
				TARGETED_DEVICE_FAMILY = "1,2";
			};
			name = Release;
		};
/* End XCBuildConfiguration section */

/* Begin XCConfigurationList section */
		552BFF342CB1973C00938CE9 /* Build configuration list for PBXProject "CalculadoraDePropinas" */ = {
			isa = XCConfigurationList;
			buildConfigurations = (
				552BFF4B2CB1973D00938CE9 /* Debug */,
				552BFF4C2CB1973D00938CE9 /* Release */,
			);
			defaultConfigurationIsVisible = 0;
			defaultConfigurationName = Release;
		};
		552BFF4D2CB1973D00938CE9 /* Build configuration list for PBXNativeTarget "CalculadoraDePropinas" */ = {
			isa = XCConfigurationList;
			buildConfigurations = (
				552BFF4E2CB1973D00938CE9 /* Debug */,
				552BFF4F2CB1973D00938CE9 /* Release */,
			);
			defaultConfigurationIsVisible = 0;
			defaultConfigurationName = Release;
		};
/* End XCConfigurationList section */
	};
	rootObject = 552BFF312CB1973C00938CE9 /* Project object */;
}
