// !$*UTF8*$!
{
	archiveVersion = 1;
	classes = {
	};
	objectVersion = 56;
	objects = {

/* Begin PBXBuildFile section */
		55777DB92CA8596700ABA19F /* AppDelegate.swift in Sources */ = {isa = PBXBuildFile; fileRef = 55777DB82CA8596700ABA19F /* AppDelegate.swift */; };
		55777DBB2CA8596700ABA19F /* SceneDelegate.swift in Sources */ = {isa = PBXBuildFile; fileRef = 55777DBA2CA8596700ABA19F /* SceneDelegate.swift */; };
		55777DBD2CA8596700ABA19F /* LamparaView.swift in Sources */ = {isa = PBXBuildFile; fileRef = 55777DBC2CA8596700ABA19F /* LamparaView.swift */; };
		55777DC22CA8596800ABA19F /* Assets.xcassets in Resources */ = {isa = PBXBuildFile; fileRef = 55777DC12CA8596800ABA19F /* Assets.xcassets */; };
		55777DC52CA8596800ABA19F /* LaunchScreen.storyboard in Resources */ = {isa = PBXBuildFile; fileRef = 55777DC32CA8596800ABA19F /* LaunchScreen.storyboard */; };
		55F9A1BB2CC4142400F13EDF /* LamparaViewController.swift in Sources */ = {isa = PBXBuildFile; fileRef = 55F9A1BA2CC4142400F13EDF /* LamparaViewController.swift */; };
/* End PBXBuildFile section */

/* Begin PBXFileReference section */
		55777DB52CA8596700ABA19F /* segundoEjercicioConstrain.app */ = {isa = PBXFileReference; explicitFileType = wrapper.application; includeInIndex = 0; path = segundoEjercicioConstrain.app; sourceTree = BUILT_PRODUCTS_DIR; };
		55777DB82CA8596700ABA19F /* AppDelegate.swift */ = {isa = PBXFileReference; lastKnownFileType = sourcecode.swift; path = AppDelegate.swift; sourceTree = "<group>"; };
		55777DBA2CA8596700ABA19F /* SceneDelegate.swift */ = {isa = PBXFileReference; lastKnownFileType = sourcecode.swift; path = SceneDelegate.swift; sourceTree = "<group>"; };
		55777DBC2CA8596700ABA19F /* LamparaView.swift */ = {isa = PBXFileReference; lastKnownFileType = sourcecode.swift; path = LamparaView.swift; sourceTree = "<group>"; };
		55777DC12CA8596800ABA19F /* Assets.xcassets */ = {isa = PBXFileReference; lastKnownFileType = folder.assetcatalog; path = Assets.xcassets; sourceTree = "<group>"; };
		55777DC42CA8596800ABA19F /* Base */ = {isa = PBXFileReference; lastKnownFileType = file.storyboard; name = Base; path = Base.lproj/LaunchScreen.storyboard; sourceTree = "<group>"; };
		55777DC62CA8596800ABA19F /* Info.plist */ = {isa = PBXFileReference; lastKnownFileType = text.plist.xml; path = Info.plist; sourceTree = "<group>"; };
		55F9A1BA2CC4142400F13EDF /* LamparaViewController.swift */ = {isa = PBXFileReference; lastKnownFileType = sourcecode.swift; path = LamparaViewController.swift; sourceTree = "<group>"; };
/* End PBXFileReference section */

/* Begin PBXFrameworksBuildPhase section */
		55777DB22CA8596700ABA19F /* Frameworks */ = {
			isa = PBXFrameworksBuildPhase;
			buildActionMask = 2147483647;
			files = (
			);
			runOnlyForDeploymentPostprocessing = 0;
		};
/* End PBXFrameworksBuildPhase section */

/* Begin PBXGroup section */
		55777DAC2CA8596700ABA19F = {
			isa = PBXGroup;
			children = (
				55777DB72CA8596700ABA19F /* segundoEjercicioConstrain */,
				55777DB62CA8596700ABA19F /* Products */,
			);
			sourceTree = "<group>";
		};
		55777DB62CA8596700ABA19F /* Products */ = {
			isa = PBXGroup;
			children = (
				55777DB52CA8596700ABA19F /* segundoEjercicioConstrain.app */,
			);
			name = Products;
			sourceTree = "<group>";
		};
		55777DB72CA8596700ABA19F /* segundoEjercicioConstrain */ = {
			isa = PBXGroup;
			children = (
				55F9A1B92CC40BB200F13EDF /* View */,
				55777DB82CA8596700ABA19F /* AppDelegate.swift */,
				55777DBA2CA8596700ABA19F /* SceneDelegate.swift */,
				55777DC12CA8596800ABA19F /* Assets.xcassets */,
				55777DC32CA8596800ABA19F /* LaunchScreen.storyboard */,
				55777DC62CA8596800ABA19F /* Info.plist */,
			);
			path = segundoEjercicioConstrain;
			sourceTree = "<group>";
		};
		55F9A1B92CC40BB200F13EDF /* View */ = {
			isa = PBXGroup;
			children = (
				55F9A1BA2CC4142400F13EDF /* LamparaViewController.swift */,
				55777DBC2CA8596700ABA19F /* LamparaView.swift */,
			);
			path = View;
			sourceTree = "<group>";
		};
/* End PBXGroup section */

/* Begin PBXNativeTarget section */
		55777DB42CA8596700ABA19F /* segundoEjercicioConstrain */ = {
			isa = PBXNativeTarget;
			buildConfigurationList = 55777DC92CA8596800ABA19F /* Build configuration list for PBXNativeTarget "segundoEjercicioConstrain" */;
			buildPhases = (
				55777DB12CA8596700ABA19F /* Sources */,
				55777DB22CA8596700ABA19F /* Frameworks */,
				55777DB32CA8596700ABA19F /* Resources */,
			);
			buildRules = (
			);
			dependencies = (
			);
			name = segundoEjercicioConstrain;
			productName = segundoEjercicioConstrain;
			productReference = 55777DB52CA8596700ABA19F /* segundoEjercicioConstrain.app */;
			productType = "com.apple.product-type.application";
		};
/* End PBXNativeTarget section */

/* Begin PBXProject section */
		55777DAD2CA8596700ABA19F /* Project object */ = {
			isa = PBXProject;
			attributes = {
				BuildIndependentTargetsInParallel = 1;
				LastSwiftUpdateCheck = 1500;
				LastUpgradeCheck = 1500;
				TargetAttributes = {
					55777DB42CA8596700ABA19F = {
						CreatedOnToolsVersion = 15.0;
					};
				};
			};
			buildConfigurationList = 55777DB02CA8596700ABA19F /* Build configuration list for PBXProject "segundoEjercicioConstrain" */;
			compatibilityVersion = "Xcode 14.0";
			developmentRegion = en;
			hasScannedForEncodings = 0;
			knownRegions = (
				en,
				Base,
			);
			mainGroup = 55777DAC2CA8596700ABA19F;
			productRefGroup = 55777DB62CA8596700ABA19F /* Products */;
			projectDirPath = "";
			projectRoot = "";
			targets = (
				55777DB42CA8596700ABA19F /* segundoEjercicioConstrain */,
			);
		};
/* End PBXProject section */

/* Begin PBXResourcesBuildPhase section */
		55777DB32CA8596700ABA19F /* Resources */ = {
			isa = PBXResourcesBuildPhase;
			buildActionMask = 2147483647;
			files = (
				55777DC52CA8596800ABA19F /* LaunchScreen.storyboard in Resources */,
				55777DC22CA8596800ABA19F /* Assets.xcassets in Resources */,
			);
			runOnlyForDeploymentPostprocessing = 0;
		};
/* End PBXResourcesBuildPhase section */

/* Begin PBXSourcesBuildPhase section */
		55777DB12CA8596700ABA19F /* Sources */ = {
			isa = PBXSourcesBuildPhase;
			buildActionMask = 2147483647;
			files = (
				55777DBD2CA8596700ABA19F /* LamparaView.swift in Sources */,
				55777DB92CA8596700ABA19F /* AppDelegate.swift in Sources */,
				55F9A1BB2CC4142400F13EDF /* LamparaViewController.swift in Sources */,
				55777DBB2CA8596700ABA19F /* SceneDelegate.swift in Sources */,
			);
			runOnlyForDeploymentPostprocessing = 0;
		};
/* End PBXSourcesBuildPhase section */

/* Begin PBXVariantGroup section */
		55777DC32CA8596800ABA19F /* LaunchScreen.storyboard */ = {
			isa = PBXVariantGroup;
			children = (
				55777DC42CA8596800ABA19F /* Base */,
			);
			name = LaunchScreen.storyboard;
			sourceTree = "<group>";
		};
/* End PBXVariantGroup section */

/* Begin XCBuildConfiguration section */
		55777DC72CA8596800ABA19F /* Debug */ = {
			isa = XCBuildConfiguration;
			buildSettings = {
				ALWAYS_SEARCH_USER_PATHS = NO;
				ASSETCATALOG_COMPILER_GENERATE_SWIFT_ASSET_SYMBOL_EXTENSIONS = YES;
				CLANG_ANALYZER_NONNULL = YES;
				CLANG_ANALYZER_NUMBER_OBJECT_CONVERSION = YES_AGGRESSIVE;
				CLANG_CXX_LANGUAGE_STANDARD = "gnu++20";
				CLANG_ENABLE_MODULES = YES;
				CLANG_ENABLE_OBJC_ARC = YES;
				CLANG_ENABLE_OBJC_WEAK = YES;
				CLANG_WARN_BLOCK_CAPTURE_AUTORELEASING = YES;
				CLANG_WARN_BOOL_CONVERSION = YES;
				CLANG_WARN_COMMA = YES;
				CLANG_WARN_CONSTANT_CONVERSION = YES;
				CLANG_WARN_DEPRECATED_OBJC_IMPLEMENTATIONS = YES;
				CLANG_WARN_DIRECT_OBJC_ISA_USAGE = YES_ERROR;
				CLANG_WARN_DOCUMENTATION_COMMENTS = YES;
				CLANG_WARN_EMPTY_BODY = YES;
				CLANG_WARN_ENUM_CONVERSION = YES;
				CLANG_WARN_INFINITE_RECURSION = YES;
				CLANG_WARN_INT_CONVERSION = YES;
				CLANG_WARN_NON_LITERAL_NULL_CONVERSION = YES;
				CLANG_WARN_OBJC_IMPLICIT_RETAIN_SELF = YES;
				CLANG_WARN_OBJC_LITERAL_CONVERSION = YES;
				CLANG_WARN_OBJC_ROOT_CLASS = YES_ERROR;
				CLANG_WARN_QUOTED_INCLUDE_IN_FRAMEWORK_HEADER = YES;
				CLANG_WARN_RANGE_LOOP_ANALYSIS = YES;
				CLANG_WARN_STRICT_PROTOTYPES = YES;
				CLANG_WARN_SUSPICIOUS_MOVE = YES;
				CLANG_WARN_UNGUARDED_AVAILABILITY = YES_AGGRESSIVE;
				CLANG_WARN_UNREACHABLE_CODE = YES;
				CLANG_WARN__DUPLICATE_METHOD_MATCH = YES;
				COPY_PHASE_STRIP = NO;
				DEBUG_INFORMATION_FORMAT = dwarf;
				ENABLE_STRICT_OBJC_MSGSEND = YES;
				ENABLE_TESTABILITY = YES;
				ENABLE_USER_SCRIPT_SANDBOXING = YES;
				GCC_C_LANGUAGE_STANDARD = gnu17;
				GCC_DYNAMIC_NO_PIC = NO;
				GCC_NO_COMMON_BLOCKS = YES;
				GCC_OPTIMIZATION_LEVEL = 0;
				GCC_PREPROCESSOR_DEFINITIONS = (
					"DEBUG=1",
					"$(inherited)",
				);
				GCC_WARN_64_TO_32_BIT_CONVERSION = YES;
				GCC_WARN_ABOUT_RETURN_TYPE = YES_ERROR;
				GCC_WARN_UNDECLARED_SELECTOR = YES;
				GCC_WARN_UNINITIALIZED_AUTOS = YES_AGGRESSIVE;
				GCC_WARN_UNUSED_FUNCTION = YES;
				GCC_WARN_UNUSED_VARIABLE = YES;
				IPHONEOS_DEPLOYMENT_TARGET = 17.0;
				LOCALIZATION_PREFERS_STRING_CATALOGS = YES;
				MTL_ENABLE_DEBUG_INFO = INCLUDE_SOURCE;
				MTL_FAST_MATH = YES;
				ONLY_ACTIVE_ARCH = YES;
				SDKROOT = iphoneos;
				SWIFT_ACTIVE_COMPILATION_CONDITIONS = "DEBUG $(inherited)";
				SWIFT_OPTIMIZATION_LEVEL = "-Onone";
			};
			name = Debug;
		};
		55777DC82CA8596800ABA19F /* Release */ = {
			isa = XCBuildConfiguration;
			buildSettings = {
				ALWAYS_SEARCH_USER_PATHS = NO;
				ASSETCATALOG_COMPILER_GENERATE_SWIFT_ASSET_SYMBOL_EXTENSIONS = YES;
				CLANG_ANALYZER_NONNULL = YES;
				CLANG_ANALYZER_NUMBER_OBJECT_CONVERSION = YES_AGGRESSIVE;
				CLANG_CXX_LANGUAGE_STANDARD = "gnu++20";
				CLANG_ENABLE_MODULES = YES;
				CLANG_ENABLE_OBJC_ARC = YES;
				CLANG_ENABLE_OBJC_WEAK = YES;
				CLANG_WARN_BLOCK_CAPTURE_AUTORELEASING = YES;
				CLANG_WARN_BOOL_CONVERSION = YES;
				CLANG_WARN_COMMA = YES;
				CLANG_WARN_CONSTANT_CONVERSION = YES;
				CLANG_WARN_DEPRECATED_OBJC_IMPLEMENTATIONS = YES;
				CLANG_WARN_DIRECT_OBJC_ISA_USAGE = YES_ERROR;
				CLANG_WARN_DOCUMENTATION_COMMENTS = YES;
				CLANG_WARN_EMPTY_BODY = YES;
				CLANG_WARN_ENUM_CONVERSION = YES;
				CLANG_WARN_INFINITE_RECURSION = YES;
				CLANG_WARN_INT_CONVERSION = YES;
				CLANG_WARN_NON_LITERAL_NULL_CONVERSION = YES;
				CLANG_WARN_OBJC_IMPLICIT_RETAIN_SELF = YES;
				CLANG_WARN_OBJC_LITERAL_CONVERSION = YES;
				CLANG_WARN_OBJC_ROOT_CLASS = YES_ERROR;
				CLANG_WARN_QUOTED_INCLUDE_IN_FRAMEWORK_HEADER = YES;
				CLANG_WARN_RANGE_LOOP_ANALYSIS = YES;
				CLANG_WARN_STRICT_PROTOTYPES = YES;
				CLANG_WARN_SUSPICIOUS_MOVE = YES;
				CLANG_WARN_UNGUARDED_AVAILABILITY = YES_AGGRESSIVE;
				CLANG_WARN_UNREACHABLE_CODE = YES;
				CLANG_WARN__DUPLICATE_METHOD_MATCH = YES;
				COPY_PHASE_STRIP = NO;
				DEBUG_INFORMATION_FORMAT = "dwarf-with-dsym";
				ENABLE_NS_ASSERTIONS = NO;
				ENABLE_STRICT_OBJC_MSGSEND = YES;
				ENABLE_USER_SCRIPT_SANDBOXING = YES;
				GCC_C_LANGUAGE_STANDARD = gnu17;
				GCC_NO_COMMON_BLOCKS = YES;
				GCC_WARN_64_TO_32_BIT_CONVERSION = YES;
				GCC_WARN_ABOUT_RETURN_TYPE = YES_ERROR;
				GCC_WARN_UNDECLARED_SELECTOR = YES;
				GCC_WARN_UNINITIALIZED_AUTOS = YES_AGGRESSIVE;
				GCC_WARN_UNUSED_FUNCTION = YES;
				GCC_WARN_UNUSED_VARIABLE = YES;
				IPHONEOS_DEPLOYMENT_TARGET = 17.0;
				LOCALIZATION_PREFERS_STRING_CATALOGS = YES;
				MTL_ENABLE_DEBUG_INFO = NO;
				MTL_FAST_MATH = YES;
				SDKROOT = iphoneos;
				SWIFT_COMPILATION_MODE = wholemodule;
				VALIDATE_PRODUCT = YES;
			};
			name = Release;
		};
		55777DCA2CA8596800ABA19F /* Debug */ = {
			isa = XCBuildConfiguration;
			buildSettings = {
				ASSETCATALOG_COMPILER_APPICON_NAME = AppIcon;
				ASSETCATALOG_COMPILER_GLOBAL_ACCENT_COLOR_NAME = AccentColor;
				CODE_SIGN_STYLE = Automatic;
				CURRENT_PROJECT_VERSION = 1;
				DEVELOPMENT_TEAM = 6NL7TZX67B;
				GENERATE_INFOPLIST_FILE = YES;
				INFOPLIST_FILE = segundoEjercicioConstrain/Info.plist;
				INFOPLIST_KEY_UIApplicationSupportsIndirectInputEvents = YES;
				INFOPLIST_KEY_UILaunchStoryboardName = LaunchScreen;
				INFOPLIST_KEY_UISupportedInterfaceOrientations_iPad = "UIInterfaceOrientationPortrait UIInterfaceOrientationPortraitUpsideDown UIInterfaceOrientationLandscapeLeft UIInterfaceOrientationLandscapeRight";
				INFOPLIST_KEY_UISupportedInterfaceOrientations_iPhone = "UIInterfaceOrientationPortrait UIInterfaceOrientationLandscapeLeft UIInterfaceOrientationLandscapeRight";
				LD_RUNPATH_SEARCH_PATHS = (
					"$(inherited)",
					"@executable_path/Frameworks",
				);
				MARKETING_VERSION = 1.0;
				PRODUCT_BUNDLE_IDENTIFIER = IOSDevLab.segundoEjercicioConstrain;
				PRODUCT_NAME = "$(TARGET_NAME)";
				SWIFT_EMIT_LOC_STRINGS = YES;
				SWIFT_VERSION = 5.0;
				TARGETED_DEVICE_FAMILY = "1,2";
			};
			name = Debug;
		};
		55777DCB2CA8596800ABA19F /* Release */ = {
			isa = XCBuildConfiguration;
			buildSettings = {
				ASSETCATALOG_COMPILER_APPICON_NAME = AppIcon;
				ASSETCATALOG_COMPILER_GLOBAL_ACCENT_COLOR_NAME = AccentColor;
				CODE_SIGN_STYLE = Automatic;
				CURRENT_PROJECT_VERSION = 1;
				DEVELOPMENT_TEAM = 6NL7TZX67B;
				GENERATE_INFOPLIST_FILE = YES;
				INFOPLIST_FILE = segundoEjercicioConstrain/Info.plist;
				INFOPLIST_KEY_UIApplicationSupportsIndirectInputEvents = YES;
				INFOPLIST_KEY_UILaunchStoryboardName = LaunchScreen;
				INFOPLIST_KEY_UISupportedInterfaceOrientations_iPad = "UIInterfaceOrientationPortrait UIInterfaceOrientationPortraitUpsideDown UIInterfaceOrientationLandscapeLeft UIInterfaceOrientationLandscapeRight";
				INFOPLIST_KEY_UISupportedInterfaceOrientations_iPhone = "UIInterfaceOrientationPortrait UIInterfaceOrientationLandscapeLeft UIInterfaceOrientationLandscapeRight";
				LD_RUNPATH_SEARCH_PATHS = (
					"$(inherited)",
					"@executable_path/Frameworks",
				);
				MARKETING_VERSION = 1.0;
				PRODUCT_BUNDLE_IDENTIFIER = IOSDevLab.segundoEjercicioConstrain;
				PRODUCT_NAME = "$(TARGET_NAME)";
				SWIFT_EMIT_LOC_STRINGS = YES;
				SWIFT_VERSION = 5.0;
				TARGETED_DEVICE_FAMILY = "1,2";
			};
			name = Release;
		};
/* End XCBuildConfiguration section */

/* Begin XCConfigurationList section */
		55777DB02CA8596700ABA19F /* Build configuration list for PBXProject "segundoEjercicioConstrain" */ = {
			isa = XCConfigurationList;
			buildConfigurations = (
				55777DC72CA8596800ABA19F /* Debug */,
				55777DC82CA8596800ABA19F /* Release */,
			);
			defaultConfigurationIsVisible = 0;
			defaultConfigurationName = Release;
		};
		55777DC92CA8596800ABA19F /* Build configuration list for PBXNativeTarget "segundoEjercicioConstrain" */ = {
			isa = XCConfigurationList;
			buildConfigurations = (
				55777DCA2CA8596800ABA19F /* Debug */,
				55777DCB2CA8596800ABA19F /* Release */,
			);
			defaultConfigurationIsVisible = 0;
			defaultConfigurationName = Release;
		};
/* End XCConfigurationList section */
	};
	rootObject = 55777DAD2CA8596700ABA19F /* Project object */;
}
